
Microsoft Visual Studio Solution File, Format Version 11.00
# Visual C++ Express 2010
Project("{8BC9CEB8-8B4A-11D0-8D11-00A0C91BC942}") = "2DAction", "2DAction\2DAction.vcxproj", "{52377480-6CC6-47BE-A593-D04E651D02AB}"
EndProject
Global
	GlobalSection(SolutionConfigurationPlatforms) = preSolution
		Debug|Win32 = Debug|Win32
		Release|Win32 = Release|Win32
	EndGlobalSection
	GlobalSection(ProjectConfigurationPlatforms) = postSolution
		{52377480-6CC6-47BE-A593-D04E651D02AB}.Debug|Win32.ActiveCfg = Debug|Win32
		{52377480-6CC6-47BE-A593-D04E651D02AB}.Debug|Win32.Build.0 = Debug|Win32
		{52377480-6CC6-47BE-A593-D04E651D02AB}.Release|Win32.ActiveCfg = Release|Win32
		{52377480-6CC6-47BE-A593-D04E651D02AB}.Release|Win32.Build.0 = Release|Win32
	EndGlobalSection
	GlobalSection(SolutionProperties) = preSolution
		HideSolutionNode = FALSE
	EndGlobalSection
EndGlobal
